PODS:
  - Realm (3.0.1):
    - Realm/Headers (= 3.0.1)
  - Realm/Headers (3.0.1)
  - RealmSwift (3.0.1):
    - Realm (= 3.0.1)
  - TB (1.0.5)

DEPENDENCIES:
  - RealmSwift
  - TB (from `https://github.com/JonasDeichelmann/ToolBox.git`)

EXTERNAL SOURCES:
  TB:
    :git: https://github.com/JonasDeichelmann/ToolBox.git

CHECKOUT OPTIONS:
  TB:
    :commit: 452cb3dfc13d44a1b590772af17b08a23b65f68c
    :git: https://github.com/JonasDeichelmann/ToolBox.git

SPEC CHECKSUMS:
  Realm: ba6144c74f835f7497791f6599d63a7755377b83
  RealmSwift: 7d13b1ac4b6022a13f841e3143e7789c9e40ad0d
  TB: f02020640e0ea29380a12d9f6dcc3b2e8863c670

PODFILE CHECKSUM: 06a80abb2a04606e3d18aa6d90892ddbb8e3fb6f

COCOAPODS: 1.3.1
